// !$*UTF8*$!
{
	archiveVersion = 1;
	classes = {
	};
	objectVersion = 46;
	objects = {

/* Begin PBXBuildFile section */
		03487ABD203FBC8400EE5ED8 /* ViewController.swift in Sources */ = {isa = PBXBuildFile; fileRef = 03487AB7203FBC8400EE5ED8 /* ViewController.swift */; };
		03487ABE203FBC8400EE5ED8 /* LaunchScreen.storyboard in Resources */ = {isa = PBXBuildFile; fileRef = 03487AB9203FBC8400EE5ED8 /* LaunchScreen.storyboard */; };
		03487ABF203FBC8400EE5ED8 /* Assets.xcassets in Resources */ = {isa = PBXBuildFile; fileRef = 03487ABA203FBC8400EE5ED8 /* Assets.xcassets */; };
		03487AC1203FBC8400EE5ED8 /* AppDelegate.swift in Sources */ = {isa = PBXBuildFile; fileRef = 03487ABC203FBC8400EE5ED8 /* AppDelegate.swift */; };
		03487AD6203FBDE000EE5ED8 /* VolumeBarSampleButton.swift in Sources */ = {isa = PBXBuildFile; fileRef = 03487AD5203FBDE000EE5ED8 /* VolumeBarSampleButton.swift */; };
		03487AD8203FBF7B00EE5ED8 /* VolumeBarMock.swift in Sources */ = {isa = PBXBuildFile; fileRef = 03487AD7203FBF7B00EE5ED8 /* VolumeBarMock.swift */; };
		0349E41A2043EE040062E1A0 /* VolumeBar.swift in Sources */ = {isa = PBXBuildFile; fileRef = 0349E4122043EE040062E1A0 /* VolumeBar.swift */; };
		0349E41B2043EE040062E1A0 /* VolumeBarStackView.swift in Sources */ = {isa = PBXBuildFile; fileRef = 0349E4132043EE040062E1A0 /* VolumeBarStackView.swift */; };
		0349E41C2043EE040062E1A0 /* VolumeBarAnimation.swift in Sources */ = {isa = PBXBuildFile; fileRef = 0349E4142043EE040062E1A0 /* VolumeBarAnimation.swift */; };
		0349E41D2043EE040062E1A0 /* VolumeBarStyle+Presets.swift in Sources */ = {isa = PBXBuildFile; fileRef = 0349E4152043EE040062E1A0 /* VolumeBarStyle+Presets.swift */; };
		0349E41E2043EE040062E1A0 /* SystemVolumeManager.swift in Sources */ = {isa = PBXBuildFile; fileRef = 0349E4172043EE040062E1A0 /* SystemVolumeManager.swift */; };
		0349E41F2043EE040062E1A0 /* VolumeBarWindow.swift in Sources */ = {isa = PBXBuildFile; fileRef = 0349E4182043EE040062E1A0 /* VolumeBarWindow.swift */; };
		0349E4202043EE040062E1A0 /* VolumeBarStyle.swift in Sources */ = {isa = PBXBuildFile; fileRef = 0349E4192043EE040062E1A0 /* VolumeBarStyle.swift */; };
		0349E4222043EFBD0062E1A0 /* VolumeBarAnimation+Presets.swift in Sources */ = {isa = PBXBuildFile; fileRef = 0349E4212043EFBD0062E1A0 /* VolumeBarAnimation+Presets.swift */; };
/* End PBXBuildFile section */

/* Begin PBXFileReference section */
		03487AB7203FBC8400EE5ED8 /* ViewController.swift */ = {isa = PBXFileReference; fileEncoding = 4; lastKnownFileType = sourcecode.swift; path = ViewController.swift; sourceTree = "<group>"; };
		03487AB9203FBC8400EE5ED8 /* LaunchScreen.storyboard */ = {isa = PBXFileReference; fileEncoding = 4; lastKnownFileType = file.storyboard; path = LaunchScreen.storyboard; sourceTree = "<group>"; };
		03487ABA203FBC8400EE5ED8 /* Assets.xcassets */ = {isa = PBXFileReference; lastKnownFileType = folder.assetcatalog; path = Assets.xcassets; sourceTree = "<group>"; };
		03487ABB203FBC8400EE5ED8 /* Info.plist */ = {isa = PBXFileReference; fileEncoding = 4; lastKnownFileType = text.plist.xml; path = Info.plist; sourceTree = "<group>"; };
		03487ABC203FBC8400EE5ED8 /* AppDelegate.swift */ = {isa = PBXFileReference; fileEncoding = 4; lastKnownFileType = sourcecode.swift; path = AppDelegate.swift; sourceTree = "<group>"; };
		03487AD5203FBDE000EE5ED8 /* VolumeBarSampleButton.swift */ = {isa = PBXFileReference; lastKnownFileType = sourcecode.swift; path = VolumeBarSampleButton.swift; sourceTree = "<group>"; };
		03487AD7203FBF7B00EE5ED8 /* VolumeBarMock.swift */ = {isa = PBXFileReference; lastKnownFileType = sourcecode.swift; path = VolumeBarMock.swift; sourceTree = "<group>"; };
		0349E4122043EE040062E1A0 /* VolumeBar.swift */ = {isa = PBXFileReference; fileEncoding = 4; lastKnownFileType = sourcecode.swift; path = VolumeBar.swift; sourceTree = "<group>"; };
		0349E4132043EE040062E1A0 /* VolumeBarStackView.swift */ = {isa = PBXFileReference; fileEncoding = 4; lastKnownFileType = sourcecode.swift; path = VolumeBarStackView.swift; sourceTree = "<group>"; };
		0349E4142043EE040062E1A0 /* VolumeBarAnimation.swift */ = {isa = PBXFileReference; fileEncoding = 4; lastKnownFileType = sourcecode.swift; path = VolumeBarAnimation.swift; sourceTree = "<group>"; };
		0349E4152043EE040062E1A0 /* VolumeBarStyle+Presets.swift */ = {isa = PBXFileReference; fileEncoding = 4; lastKnownFileType = sourcecode.swift; path = "VolumeBarStyle+Presets.swift"; sourceTree = "<group>"; };
		0349E4172043EE040062E1A0 /* SystemVolumeManager.swift */ = {isa = PBXFileReference; fileEncoding = 4; lastKnownFileType = sourcecode.swift; path = SystemVolumeManager.swift; sourceTree = "<group>"; };
		0349E4182043EE040062E1A0 /* VolumeBarWindow.swift */ = {isa = PBXFileReference; fileEncoding = 4; lastKnownFileType = sourcecode.swift; path = VolumeBarWindow.swift; sourceTree = "<group>"; };
		0349E4192043EE040062E1A0 /* VolumeBarStyle.swift */ = {isa = PBXFileReference; fileEncoding = 4; lastKnownFileType = sourcecode.swift; path = VolumeBarStyle.swift; sourceTree = "<group>"; };
		0349E4212043EFBD0062E1A0 /* VolumeBarAnimation+Presets.swift */ = {isa = PBXFileReference; lastKnownFileType = sourcecode.swift; path = "VolumeBarAnimation+Presets.swift"; sourceTree = "<group>"; };
		03D35F3C1C8A2FD30053F91E /* VolumeBarSample.app */ = {isa = PBXFileReference; explicitFileType = wrapper.application; includeInIndex = 0; path = VolumeBarSample.app; sourceTree = BUILT_PRODUCTS_DIR; };
/* End PBXFileReference section */

/* Begin PBXFrameworksBuildPhase section */
		03D35F391C8A2FD30053F91E /* Frameworks */ = {
			isa = PBXFrameworksBuildPhase;
			buildActionMask = 2147483647;
			files = (
			);
			runOnlyForDeploymentPostprocessing = 0;
		};
/* End PBXFrameworksBuildPhase section */

/* Begin PBXGroup section */
		03487AB6203FBC8400EE5ED8 /* VolumeBarSample */ = {
			isa = PBXGroup;
			children = (
				03487ABC203FBC8400EE5ED8 /* AppDelegate.swift */,
				03487AB7203FBC8400EE5ED8 /* ViewController.swift */,
				03487AD7203FBF7B00EE5ED8 /* VolumeBarMock.swift */,
				03487AD5203FBDE000EE5ED8 /* VolumeBarSampleButton.swift */,
				03487AB8203FBC8400EE5ED8 /* Resources */,
			);
			path = VolumeBarSample;
			sourceTree = "<group>";
		};
		03487AB8203FBC8400EE5ED8 /* Resources */ = {
			isa = PBXGroup;
			children = (
				03487AB9203FBC8400EE5ED8 /* LaunchScreen.storyboard */,
				03487ABA203FBC8400EE5ED8 /* Assets.xcassets */,
				03487ABB203FBC8400EE5ED8 /* Info.plist */,
			);
			path = Resources;
			sourceTree = "<group>";
		};
		03487AC2203FBCA200EE5ED8 /* VolumeBar */ = {
			isa = PBXGroup;
			children = (
				0349E4122043EE040062E1A0 /* VolumeBar.swift */,
				0349E4142043EE040062E1A0 /* VolumeBarAnimation.swift */,
				0349E4212043EFBD0062E1A0 /* VolumeBarAnimation+Presets.swift */,
				0349E4192043EE040062E1A0 /* VolumeBarStyle.swift */,
				0349E4152043EE040062E1A0 /* VolumeBarStyle+Presets.swift */,
				0349E4162043EE040062E1A0 /* Internal */,
			);
			name = VolumeBar;
			path = ../Sources;
			sourceTree = "<group>";
		};
		0349E4162043EE040062E1A0 /* Internal */ = {
			isa = PBXGroup;
			children = (
				0349E4172043EE040062E1A0 /* SystemVolumeManager.swift */,
				0349E4182043EE040062E1A0 /* VolumeBarWindow.swift */,
				0349E4132043EE040062E1A0 /* VolumeBarStackView.swift */,
			);
			path = Internal;
			sourceTree = "<group>";
		};
		03D35F331C8A2FD30053F91E = {
			isa = PBXGroup;
			children = (
				03487AB6203FBC8400EE5ED8 /* VolumeBarSample */,
				03487AC2203FBCA200EE5ED8 /* VolumeBar */,
				03D35F3D1C8A2FD30053F91E /* Products */,
			);
			sourceTree = "<group>";
		};
		03D35F3D1C8A2FD30053F91E /* Products */ = {
			isa = PBXGroup;
			children = (
				03D35F3C1C8A2FD30053F91E /* VolumeBarSample.app */,
			);
			name = Products;
			sourceTree = "<group>";
		};
/* End PBXGroup section */

/* Begin PBXNativeTarget section */
		03D35F3B1C8A2FD30053F91E /* VolumeBarSample */ = {
			isa = PBXNativeTarget;
			buildConfigurationList = 03D35F4E1C8A2FD40053F91E /* Build configuration list for PBXNativeTarget "VolumeBarSample" */;
			buildPhases = (
				03D35F381C8A2FD30053F91E /* Sources */,
				03D35F391C8A2FD30053F91E /* Frameworks */,
				03D35F3A1C8A2FD30053F91E /* Resources */,
			);
			buildRules = (
			);
			dependencies = (
			);
			name = VolumeBarSample;
			productName = VolumeBar;
			productReference = 03D35F3C1C8A2FD30053F91E /* VolumeBarSample.app */;
			productType = "com.apple.product-type.application";
		};
/* End PBXNativeTarget section */

/* Begin PBXProject section */
		03D35F341C8A2FD30053F91E /* Project object */ = {
			isa = PBXProject;
			attributes = {
				LastSwiftUpdateCheck = 0920;
				LastUpgradeCheck = 1000;
				ORGANIZATIONNAME = "Sachin Patel";
				TargetAttributes = {
					03D35F3B1C8A2FD30053F91E = {
						CreatedOnToolsVersion = 7.3;
						DevelopmentTeam = 9BZNV2TE99;
						LastSwiftMigration = 1000;
					};
				};
			};
			buildConfigurationList = 03D35F371C8A2FD30053F91E /* Build configuration list for PBXProject "VolumeBarSample" */;
			compatibilityVersion = "Xcode 3.2";
			developmentRegion = English;
			hasScannedForEncodings = 0;
			knownRegions = (
				en,
				Base,
			);
			mainGroup = 03D35F331C8A2FD30053F91E;
			productRefGroup = 03D35F3D1C8A2FD30053F91E /* Products */;
			projectDirPath = "";
			projectRoot = "";
			targets = (
				03D35F3B1C8A2FD30053F91E /* VolumeBarSample */,
			);
		};
/* End PBXProject section */

/* Begin PBXResourcesBuildPhase section */
		03D35F3A1C8A2FD30053F91E /* Resources */ = {
			isa = PBXResourcesBuildPhase;
			buildActionMask = 2147483647;
			files = (
				03487ABF203FBC8400EE5ED8 /* Assets.xcassets in Resources */,
				03487ABE203FBC8400EE5ED8 /* LaunchScreen.storyboard in Resources */,
			);
			runOnlyForDeploymentPostprocessing = 0;
		};
/* End PBXResourcesBuildPhase section */

/* Begin PBXSourcesBuildPhase section */
		03D35F381C8A2FD30053F91E /* Sources */ = {
			isa = PBXSourcesBuildPhase;
			buildActionMask = 2147483647;
			files = (
				03487AD6203FBDE000EE5ED8 /* VolumeBarSampleButton.swift in Sources */,
				0349E41A2043EE040062E1A0 /* VolumeBar.swift in Sources */,
				0349E4222043EFBD0062E1A0 /* VolumeBarAnimation+Presets.swift in Sources */,
				0349E41C2043EE040062E1A0 /* VolumeBarAnimation.swift in Sources */,
				0349E41E2043EE040062E1A0 /* SystemVolumeManager.swift in Sources */,
				03487AC1203FBC8400EE5ED8 /* AppDelegate.swift in Sources */,
				0349E41F2043EE040062E1A0 /* VolumeBarWindow.swift in Sources */,
				0349E41B2043EE040062E1A0 /* VolumeBarStackView.swift in Sources */,
				0349E4202043EE040062E1A0 /* VolumeBarStyle.swift in Sources */,
				03487AD8203FBF7B00EE5ED8 /* VolumeBarMock.swift in Sources */,
				0349E41D2043EE040062E1A0 /* VolumeBarStyle+Presets.swift in Sources */,
				03487ABD203FBC8400EE5ED8 /* ViewController.swift in Sources */,
			);
			runOnlyForDeploymentPostprocessing = 0;
		};
/* End PBXSourcesBuildPhase section */

/* Begin XCBuildConfiguration section */
		03D35F4C1C8A2FD40053F91E /* Debug */ = {
			isa = XCBuildConfiguration;
			buildSettings = {
				ALWAYS_SEARCH_USER_PATHS = NO;
				CLANG_ANALYZER_NONNULL = YES;
				CLANG_CXX_LANGUAGE_STANDARD = "gnu++0x";
				CLANG_CXX_LIBRARY = "libc++";
				CLANG_ENABLE_MODULES = YES;
				CLANG_ENABLE_OBJC_ARC = YES;
				CLANG_WARN_BLOCK_CAPTURE_AUTORELEASING = YES;
				CLANG_WARN_BOOL_CONVERSION = YES;
				CLANG_WARN_COMMA = YES;
				CLANG_WARN_CONSTANT_CONVERSION = YES;
				CLANG_WARN_DEPRECATED_OBJC_IMPLEMENTATIONS = YES;
				CLANG_WARN_DIRECT_OBJC_ISA_USAGE = YES_ERROR;
				CLANG_WARN_EMPTY_BODY = YES;
				CLANG_WARN_ENUM_CONVERSION = YES;
				CLANG_WARN_INFINITE_RECURSION = YES;
				CLANG_WARN_INT_CONVERSION = YES;
				CLANG_WARN_NON_LITERAL_NULL_CONVERSION = YES;
				CLANG_WARN_OBJC_IMPLICIT_RETAIN_SELF = YES;
				CLANG_WARN_OBJC_LITERAL_CONVERSION = YES;
				CLANG_WARN_OBJC_ROOT_CLASS = YES_ERROR;
				CLANG_WARN_RANGE_LOOP_ANALYSIS = YES;
				CLANG_WARN_STRICT_PROTOTYPES = YES;
				CLANG_WARN_SUSPICIOUS_MOVE = YES;
				CLANG_WARN_UNREACHABLE_CODE = YES;
				CLANG_WARN__DUPLICATE_METHOD_MATCH = YES;
				"CODE_SIGN_IDENTITY[sdk=iphoneos*]" = "iPhone Developer";
				COPY_PHASE_STRIP = NO;
				DEBUG_INFORMATION_FORMAT = dwarf;
				ENABLE_STRICT_OBJC_MSGSEND = YES;
				ENABLE_TESTABILITY = YES;
				GCC_C_LANGUAGE_STANDARD = gnu99;
				GCC_DYNAMIC_NO_PIC = NO;
				GCC_NO_COMMON_BLOCKS = YES;
				GCC_OPTIMIZATION_LEVEL = 0;
				GCC_PREPROCESSOR_DEFINITIONS = (
					"DEBUG=1",
					"$(inherited)",
				);
				GCC_WARN_64_TO_32_BIT_CONVERSION = YES;
				GCC_WARN_ABOUT_RETURN_TYPE = YES_ERROR;
				GCC_WARN_UNDECLARED_SELECTOR = YES;
				GCC_WARN_UNINITIALIZED_AUTOS = YES_AGGRESSIVE;
				GCC_WARN_UNUSED_FUNCTION = YES;
				GCC_WARN_UNUSED_VARIABLE = YES;
				IPHONEOS_DEPLOYMENT_TARGET = 9.0;
				MTL_ENABLE_DEBUG_INFO = YES;
				ONLY_ACTIVE_ARCH = YES;
				SDKROOT = iphoneos;
				SWIFT_OPTIMIZATION_LEVEL = "-Onone";
				SWIFT_SWIFT3_OBJC_INFERENCE = Default;
			};
			name = Debug;
		};
		03D35F4D1C8A2FD40053F91E /* Release */ = {
			isa = XCBuildConfiguration;
			buildSettings = {
				ALWAYS_SEARCH_USER_PATHS = NO;
				CLANG_ANALYZER_NONNULL = YES;
				CLANG_CXX_LANGUAGE_STANDARD = "gnu++0x";
				CLANG_CXX_LIBRARY = "libc++";
				CLANG_ENABLE_MODULES = YES;
				CLANG_ENABLE_OBJC_ARC = YES;
				CLANG_WARN_BLOCK_CAPTURE_AUTORELEASING = YES;
				CLANG_WARN_BOOL_CONVERSION = YES;
				CLANG_WARN_COMMA = YES;
				CLANG_WARN_CONSTANT_CONVERSION = YES;
				CLANG_WARN_DEPRECATED_OBJC_IMPLEMENTATIONS = YES;
				CLANG_WARN_DIRECT_OBJC_ISA_USAGE = YES_ERROR;
				CLANG_WARN_EMPTY_BODY = YES;
				CLANG_WARN_ENUM_CONVERSION = YES;
				CLANG_WARN_INFINITE_RECURSION = YES;
				CLANG_WARN_INT_CONVERSION = YES;
				CLANG_WARN_NON_LITERAL_NULL_CONVERSION = YES;
				CLANG_WARN_OBJC_IMPLICIT_RETAIN_SELF = YES;
				CLANG_WARN_OBJC_LITERAL_CONVERSION = YES;
				CLANG_WARN_OBJC_ROOT_CLASS = YES_ERROR;
				CLANG_WARN_RANGE_LOOP_ANALYSIS = YES;
				CLANG_WARN_STRICT_PROTOTYPES = YES;
				CLANG_WARN_SUSPICIOUS_MOVE = YES;
				CLANG_WARN_UNREACHABLE_CODE = YES;
				CLANG_WARN__DUPLICATE_METHOD_MATCH = YES;
				"CODE_SIGN_IDENTITY[sdk=iphoneos*]" = "iPhone Developer";
				COPY_PHASE_STRIP = NO;
				DEBUG_INFORMATION_FORMAT = "dwarf-with-dsym";
				ENABLE_NS_ASSERTIONS = NO;
				ENABLE_STRICT_OBJC_MSGSEND = YES;
				GCC_C_LANGUAGE_STANDARD = gnu99;
				GCC_NO_COMMON_BLOCKS = YES;
				GCC_WARN_64_TO_32_BIT_CONVERSION = YES;
				GCC_WARN_ABOUT_RETURN_TYPE = YES_ERROR;
				GCC_WARN_UNDECLARED_SELECTOR = YES;
				GCC_WARN_UNINITIALIZED_AUTOS = YES_AGGRESSIVE;
				GCC_WARN_UNUSED_FUNCTION = YES;
				GCC_WARN_UNUSED_VARIABLE = YES;
				IPHONEOS_DEPLOYMENT_TARGET = 9.0;
				MTL_ENABLE_DEBUG_INFO = NO;
				SDKROOT = iphoneos;
				SWIFT_SWIFT3_OBJC_INFERENCE = Default;
				VALIDATE_PRODUCT = YES;
			};
			name = Release;
		};
		03D35F4F1C8A2FD40053F91E /* Debug */ = {
			isa = XCBuildConfiguration;
			buildSettings = {
				ASSETCATALOG_COMPILER_APPICON_NAME = AppIcon;
				CLANG_ENABLE_MODULES = YES;
				CODE_SIGN_IDENTITY = "iPhone Developer";
				DEVELOPMENT_TEAM = 9BZNV2TE99;
				INFOPLIST_FILE = VolumeBarSample/Resources/Info.plist;
				IPHONEOS_DEPLOYMENT_TARGET = 10.0;
				LD_RUNPATH_SEARCH_PATHS = "$(inherited) @executable_path/Frameworks";
				PRODUCT_BUNDLE_IDENTIFIER = com.SachinPatel.VolumeBar;
				PRODUCT_NAME = VolumeBarSample;
				SWIFT_OPTIMIZATION_LEVEL = "-Onone";
				SWIFT_VERSION = 4.2;
				TARGETED_DEVICE_FAMILY = 1;
			};
			name = Debug;
		};
		03D35F501C8A2FD40053F91E /* Release */ = {
			isa = XCBuildConfiguration;
			buildSettings = {
				ASSETCATALOG_COMPILER_APPICON_NAME = AppIcon;
				CLANG_ENABLE_MODULES = YES;
				CODE_SIGN_IDENTITY = "iPhone Distribution";
				DEVELOPMENT_TEAM = 9BZNV2TE99;
				INFOPLIST_FILE = VolumeBarSample/Resources/Info.plist;
				IPHONEOS_DEPLOYMENT_TARGET = 10.0;
				LD_RUNPATH_SEARCH_PATHS = "$(inherited) @executable_path/Frameworks";
				PRODUCT_BUNDLE_IDENTIFIER = com.SachinPatel.VolumeBar;
				PRODUCT_NAME = VolumeBarSample;
				SWIFT_OPTIMIZATION_LEVEL = "-Owholemodule";
				SWIFT_VERSION = 4.2;
				TARGETED_DEVICE_FAMILY = 1;
			};
			name = Release;
		};
/* End XCBuildConfiguration section */

/* Begin XCConfigurationList section */
		03D35F371C8A2FD30053F91E /* Build configuration list for PBXProject "VolumeBarSample" */ = {
			isa = XCConfigurationList;
			buildConfigurations = (
				03D35F4C1C8A2FD40053F91E /* Debug */,
				03D35F4D1C8A2FD40053F91E /* Release */,
			);
			defaultConfigurationIsVisible = 0;
			defaultConfigurationName = Release;
		};
		03D35F4E1C8A2FD40053F91E /* Build configuration list for PBXNativeTarget "VolumeBarSample" */ = {
			isa = XCConfigurationList;
			buildConfigurations = (
				03D35F4F1C8A2FD40053F91E /* Debug */,
				03D35F501C8A2FD40053F91E /* Release */,
			);
			defaultConfigurationIsVisible = 0;
			defaultConfigurationName = Release;
		};
/* End XCConfigurationList section */
	};
	rootObject = 03D35F341C8A2FD30053F91E /* Project object */;
}
